// !$*UTF8*$!
{
	archiveVersion = 1;
	classes = {
	};
	objectVersion = 46;
	objects = {

/* Begin PBXBuildFile section */
		E73E38581FE4B2D3001D3F40 /* AppDelegate.swift in Sources */ = {isa = PBXBuildFile; fileRef = E73E38571FE4B2D3001D3F40 /* AppDelegate.swift */; };
		E73E385A1FE4B2D3001D3F40 /* ViewController.swift in Sources */ = {isa = PBXBuildFile; fileRef = E73E38591FE4B2D3001D3F40 /* ViewController.swift */; };
		E73E385D1FE4B2D3001D3F40 /* Main.storyboard in Resources */ = {isa = PBXBuildFile; fileRef = E73E385B1FE4B2D3001D3F40 /* Main.storyboard */; };
		E73E385F1FE4B2D3001D3F40 /* Assets.xcassets in Resources */ = {isa = PBXBuildFile; fileRef = E73E385E1FE4B2D3001D3F40 /* Assets.xcassets */; };
		E73E38621FE4B2D3001D3F40 /* LaunchScreen.storyboard in Resources */ = {isa = PBXBuildFile; fileRef = E73E38601FE4B2D3001D3F40 /* LaunchScreen.storyboard */; };
/* End PBXBuildFile section */

/* Begin PBXFileReference section */
		E73E38541FE4B2D3001D3F40 /* SearchFromTableView.app */ = {isa = PBXFileReference; explicitFileType = wrapper.application; includeInIndex = 0; path = SearchFromTableView.app; sourceTree = BUILT_PRODUCTS_DIR; };
		E73E38571FE4B2D3001D3F40 /* AppDelegate.swift */ = {isa = PBXFileReference; lastKnownFileType = sourcecode.swift; path = AppDelegate.swift; sourceTree = "<group>"; };
		E73E38591FE4B2D3001D3F40 /* ViewController.swift */ = {isa = PBXFileReference; lastKnownFileType = sourcecode.swift; path = ViewController.swift; sourceTree = "<group>"; };
		E73E385C1FE4B2D3001D3F40 /* Base */ = {isa = PBXFileReference; lastKnownFileType = file.storyboard; name = Base; path = Base.lproj/Main.storyboard; sourceTree = "<group>"; };
		E73E385E1FE4B2D3001D3F40 /* Assets.xcassets */ = {isa = PBXFileReference; lastKnownFileType = folder.assetcatalog; path = Assets.xcassets; sourceTree = "<group>"; };
		E73E38611FE4B2D3001D3F40 /* Base */ = {isa = PBXFileReference; lastKnownFileType = file.storyboard; name = Base; path = Base.lproj/LaunchScreen.storyboard; sourceTree = "<group>"; };
		E73E38631FE4B2D3001D3F40 /* Info.plist */ = {isa = PBXFileReference; lastKnownFileType = text.plist.xml; path = Info.plist; sourceTree = "<group>"; };
/* End PBXFileReference section */

/* Begin PBXFrameworksBuildPhase section */
		E73E38511FE4B2D2001D3F40 /* Frameworks */ = {
			isa = PBXFrameworksBuildPhase;
			buildActionMask = 2147483647;
			files = (
			);
			runOnlyForDeploymentPostprocessing = 0;
		};
/* End PBXFrameworksBuildPhase section */

/* Begin PBXGroup section */
		E73E384B1FE4B2D2001D3F40 = {
			isa = PBXGroup;
			children = (
				E73E38561FE4B2D3001D3F40 /* SearchFromTableView */,
				E73E38551FE4B2D3001D3F40 /* Products */,
			);
			sourceTree = "<group>";
		};
		E73E38551FE4B2D3001D3F40 /* Products */ = {
			isa = PBXGroup;
			children = (
				E73E38541FE4B2D3001D3F40 /* SearchFromTableView.app */,
			);
			name = Products;
			sourceTree = "<group>";
		};
		E73E38561FE4B2D3001D3F40 /* SearchFromTableView */ = {
			isa = PBXGroup;
			children = (
				E73E38571FE4B2D3001D3F40 /* AppDelegate.swift */,
				E73E38591FE4B2D3001D3F40 /* ViewController.swift */,
				E73E385B1FE4B2D3001D3F40 /* Main.storyboard */,
				E73E385E1FE4B2D3001D3F40 /* Assets.xcassets */,
				E73E38601FE4B2D3001D3F40 /* LaunchScreen.storyboard */,
				E73E38631FE4B2D3001D3F40 /* Info.plist */,
			);
			path = SearchFromTableView;
			sourceTree = "<group>";
		};
/* End PBXGroup section */

/* Begin PBXNativeTarget section */
		E73E38531FE4B2D2001D3F40 /* SearchFromTableView */ = {
			isa = PBXNativeTarget;
			buildConfigurationList = E73E38661FE4B2D3001D3F40 /* Build configuration list for PBXNativeTarget "SearchFromTableView" */;
			buildPhases = (
				E73E38501FE4B2D2001D3F40 /* Sources */,
				E73E38511FE4B2D2001D3F40 /* Frameworks */,
				E73E38521FE4B2D2001D3F40 /* Resources */,
			);
			buildRules = (
			);
			dependencies = (
			);
			name = SearchFromTableView;
			productName = SearchFromTableView;
			productReference = E73E38541FE4B2D3001D3F40 /* SearchFromTableView.app */;
			productType = "com.apple.product-type.application";
		};
/* End PBXNativeTarget section */

/* Begin PBXProject section */
		E73E384C1FE4B2D2001D3F40 /* Project object */ = {
			isa = PBXProject;
			attributes = {
				LastSwiftUpdateCheck = 0820;
				LastUpgradeCheck = 0820;
				ORGANIZATIONNAME = Tops;
				TargetAttributes = {
					E73E38531FE4B2D2001D3F40 = {
						CreatedOnToolsVersion = 8.2.1;
						ProvisioningStyle = Automatic;
					};
				};
			};
			buildConfigurationList = E73E384F1FE4B2D2001D3F40 /* Build configuration list for PBXProject "SearchFromTableView" */;
			compatibilityVersion = "Xcode 3.2";
			developmentRegion = English;
			hasScannedForEncodings = 0;
			knownRegions = (
				en,
				Base,
			);
			mainGroup = E73E384B1FE4B2D2001D3F40;
			productRefGroup = E73E38551FE4B2D3001D3F40 /* Products */;
			projectDirPath = "";
			projectRoot = "";
			targets = (
				E73E38531FE4B2D2001D3F40 /* SearchFromTableView */,
			);
		};
/* End PBXProject section */

/* Begin PBXResourcesBuildPhase section */
		E73E38521FE4B2D2001D3F40 /* Resources */ = {
			isa = PBXResourcesBuildPhase;
			buildActionMask = 2147483647;
			files = (
				E73E38621FE4B2D3001D3F40 /* LaunchScreen.storyboard in Resources */,
				E73E385F1FE4B2D3001D3F40 /* Assets.xcassets in Resources */,
				E73E385D1FE4B2D3001D3F40 /* Main.storyboard in Resources */,
			);
			runOnlyForDeploymentPostprocessing = 0;
		};
/* End PBXResourcesBuildPhase section */

/* Begin PBXSourcesBuildPhase section */
		E73E38501FE4B2D2001D3F40 /* Sources */ = {
			isa = PBXSourcesBuildPhase;
			buildActionMask = 2147483647;
			files = (
				E73E385A1FE4B2D3001D3F40 /* ViewController.swift in Sources */,
				E73E38581FE4B2D3001D3F40 /* AppDelegate.swift in Sources */,
			);
			runOnlyForDeploymentPostprocessing = 0;
		};
/* End PBXSourcesBuildPhase section */

/* Begin PBXVariantGroup section */
		E73E385B1FE4B2D3001D3F40 /* Main.storyboard */ = {
			isa = PBXVariantGroup;
			children = (
				E73E385C1FE4B2D3001D3F40 /* Base */,
			);
			name = Main.storyboard;
			sourceTree = "<group>";
		};
		E73E38601FE4B2D3001D3F40 /* LaunchScreen.storyboard */ = {
			isa = PBXVariantGroup;
			children = (
				E73E38611FE4B2D3001D3F40 /* Base */,
			);
			name = LaunchScreen.storyboard;
			sourceTree = "<group>";
		};
/* End PBXVariantGroup section */

/* Begin XCBuildConfiguration section */
		E73E38641FE4B2D3001D3F40 /* Debug */ = {
			isa = XCBuildConfiguration;
			buildSettings = {
				ALWAYS_SEARCH_USER_PATHS = NO;
				CLANG_ANALYZER_NONNULL = YES;
				CLANG_CXX_LANGUAGE_STANDARD = "gnu++0x";
				CLANG_CXX_LIBRARY = "libc++";
				CLANG_ENABLE_MODULES = YES;
				CLANG_ENABLE_OBJC_ARC = YES;
				CLANG_WARN_BOOL_CONVERSION = YES;
				CLANG_WARN_CONSTANT_CONVERSION = YES;
				CLANG_WARN_DIRECT_OBJC_ISA_USAGE = YES_ERROR;
				CLANG_WARN_DOCUMENTATION_COMMENTS = YES;
				CLANG_WARN_EMPTY_BODY = YES;
				CLANG_WARN_ENUM_CONVERSION = YES;
				CLANG_WARN_INFINITE_RECURSION = YES;
				CLANG_WARN_INT_CONVERSION = YES;
				CLANG_WARN_OBJC_ROOT_CLASS = YES_ERROR;
				CLANG_WARN_SUSPICIOUS_MOVE = YES;
				CLANG_WARN_UNREACHABLE_CODE = YES;
				CLANG_WARN__DUPLICATE_METHOD_MATCH = YES;
				"CODE_SIGN_IDENTITY[sdk=iphoneos*]" = "iPhone Developer";
				COPY_PHASE_STRIP = NO;
				DEBUG_INFORMATION_FORMAT = dwarf;
				ENABLE_STRICT_OBJC_MSGSEND = YES;
				ENABLE_TESTABILITY = YES;
				GCC_C_LANGUAGE_STANDARD = gnu99;
				GCC_DYNAMIC_NO_PIC = NO;
				GCC_NO_COMMON_BLOCKS = YES;
				GCC_OPTIMIZATION_LEVEL = 0;
				GCC_PREPROCESSOR_DEFINITIONS = (
					"DEBUG=1",
					"$(inherited)",
				);
				GCC_WARN_64_TO_32_BIT_CONVERSION = YES;
				GCC_WARN_ABOUT_RETURN_TYPE = YES_ERROR;
				GCC_WARN_UNDECLARED_SELECTOR = YES;
				GCC_WARN_UNINITIALIZED_AUTOS = YES_AGGRESSIVE;
				GCC_WARN_UNUSED_FUNCTION = YES;
				GCC_WARN_UNUSED_VARIABLE = YES;
				IPHONEOS_DEPLOYMENT_TARGET = 10.2;
				MTL_ENABLE_DEBUG_INFO = YES;
				ONLY_ACTIVE_ARCH = YES;
				SDKROOT = iphoneos;
				SWIFT_ACTIVE_COMPILATION_CONDITIONS = DEBUG;
				SWIFT_OPTIMIZATION_LEVEL = "-Onone";
			};
			name = Debug;
		};
		E73E38651FE4B2D3001D3F40 /* Release */ = {
			isa = XCBuildConfiguration;
			buildSettings = {
				ALWAYS_SEARCH_USER_PATHS = NO;
				CLANG_ANALYZER_NONNULL = YES;
				CLANG_CXX_LANGUAGE_STANDARD = "gnu++0x";
				CLANG_CXX_LIBRARY = "libc++";
				CLANG_ENABLE_MODULES = YES;
				CLANG_ENABLE_OBJC_ARC = YES;
				CLANG_WARN_BOOL_CONVERSION = YES;
				CLANG_WARN_CONSTANT_CONVERSION = YES;
				CLANG_WARN_DIRECT_OBJC_ISA_USAGE = YES_ERROR;
				CLANG_WARN_DOCUMENTATION_COMMENTS = YES;
				CLANG_WARN_EMPTY_BODY = YES;
				CLANG_WARN_ENUM_CONVERSION = YES;
				CLANG_WARN_INFINITE_RECURSION = YES;
				CLANG_WARN_INT_CONVERSION = YES;
				CLANG_WARN_OBJC_ROOT_CLASS = YES_ERROR;
				CLANG_WARN_SUSPICIOUS_MOVE = YES;
				CLANG_WARN_UNREACHABLE_CODE = YES;
				CLANG_WARN__DUPLICATE_METHOD_MATCH = YES;
				"CODE_SIGN_IDENTITY[sdk=iphoneos*]" = "iPhone Developer";
				COPY_PHASE_STRIP = NO;
				DEBUG_INFORMATION_FORMAT = "dwarf-with-dsym";
				ENABLE_NS_ASSERTIONS = NO;
				ENABLE_STRICT_OBJC_MSGSEND = YES;
				GCC_C_LANGUAGE_STANDARD = gnu99;
				GCC_NO_COMMON_BLOCKS = YES;
				GCC_WARN_64_TO_32_BIT_CONVERSION = YES;
				GCC_WARN_ABOUT_RETURN_TYPE = YES_ERROR;
				GCC_WARN_UNDECLARED_SELECTOR = YES;
				GCC_WARN_UNINITIALIZED_AUTOS = YES_AGGRESSIVE;
				GCC_WARN_UNUSED_FUNCTION = YES;
				GCC_WARN_UNUSED_VARIABLE = YES;
				IPHONEOS_DEPLOYMENT_TARGET = 10.2;
				MTL_ENABLE_DEBUG_INFO = NO;
				SDKROOT = iphoneos;
				SWIFT_OPTIMIZATION_LEVEL = "-Owholemodule";
				VALIDATE_PRODUCT = YES;
			};
			name = Release;
		};
		E73E38671FE4B2D3001D3F40 /* Debug */ = {
			isa = XCBuildConfiguration;
			buildSettings = {
				ASSETCATALOG_COMPILER_APPICON_NAME = AppIcon;
				INFOPLIST_FILE = SearchFromTableView/Info.plist;
				LD_RUNPATH_SEARCH_PATHS = "$(inherited) @executable_path/Frameworks";
				PRODUCT_BUNDLE_IDENTIFIER = macos.SearchFromTableView;
				PRODUCT_NAME = "$(TARGET_NAME)";
				SWIFT_VERSION = 3.0;
			};
			name = Debug;
		};
		E73E38681FE4B2D3001D3F40 /* Release */ = {
			isa = XCBuildConfiguration;
			buildSettings = {
				ASSETCATALOG_COMPILER_APPICON_NAME = AppIcon;
				INFOPLIST_FILE = SearchFromTableView/Info.plist;
				LD_RUNPATH_SEARCH_PATHS = "$(inherited) @executable_path/Frameworks";
				PRODUCT_BUNDLE_IDENTIFIER = macos.SearchFromTableView;
				PRODUCT_NAME = "$(TARGET_NAME)";
				SWIFT_VERSION = 3.0;
			};
			name = Release;
		};
/* End XCBuildConfiguration section */

/* Begin XCConfigurationList section */
		E73E384F1FE4B2D2001D3F40 /* Build configuration list for PBXProject "SearchFromTableView" */ = {
			isa = XCConfigurationList;
			buildConfigurations = (
				E73E38641FE4B2D3001D3F40 /* Debug */,
				E73E38651FE4B2D3001D3F40 /* Release */,
			);
			defaultConfigurationIsVisible = 0;
			defaultConfigurationName = Release;
		};
		E73E38661FE4B2D3001D3F40 /* Build configuration list for PBXNativeTarget "SearchFromTableView" */ = {
			isa = XCConfigurationList;
			buildConfigurations = (
				E73E38671FE4B2D3001D3F40 /* Debug */,
				E73E38681FE4B2D3001D3F40 /* Release */,
			);
			defaultConfigurationIsVisible = 0;
		};
/* End XCConfigurationList section */
	};
	rootObject = E73E384C1FE4B2D2001D3F40 /* Project object */;
}
